Microsoft Visual Studio Solution File, Format Version 9.00
# Visual Studio 2005
Project("{8BC9CEB8-8B4A-11D0-8D11-00A0C91BC942}") = "RF2d", "RF2d.vcproj", "{053687B1-D38F-46AB-A928-5AAE9A8C1F6C}"
EndProject
Global
	GlobalSection(SolutionConfigurationPlatforms) = preSolution
		Debug|Win32 = Debug|Win32
		Release|Win32 = Release|Win32
	EndGlobalSection
	GlobalSection(ProjectConfigurationPlatforms) = postSolution
		{053687B1-D38F-46AB-A928-5AAE9A8C1F6C}.Debug|Win32.ActiveCfg = Debug|Win32
		{053687B1-D38F-46AB-A928-5AAE9A8C1F6C}.Debug|Win32.Build.0 = Debug|Win32
		{053687B1-D38F-46AB-A928-5AAE9A8C1F6C}.Release|Win32.ActiveCfg = Release|Win32
		{053687B1-D38F-46AB-A928-5AAE9A8C1F6C}.Release|Win32.Build.0 = Release|Win32
	EndGlobalSection
	GlobalSection(SolutionProperties) = preSolution
		HideSolutionNode = FALSE
	EndGlobalSection
EndGlobal
